
Microsoft Visual Studio Solution File, Format Version 12.00
# Visual Studio Version 17
VisualStudioVersion = 17.1.32421.90
MinimumVisualStudioVersion = 10.0.40219.1
Project("{8BC9CEB8-8B4A-11D0-8D11-00A0C91BC942}") = "VKGeom", "VKernel\VKGeom\VKGeom.vcxproj", "{3D266BDF-114E-495B-9796-C6A9C7CFC933}"
EndProject
Project("{8BC9CEB8-8B4A-11D0-8D11-00A0C91BC942}") = "VKGraphic", "VKernel\VKGraphic\VKGraphic.vcxproj", "{065DD002-4B8C-4B8F-A54E-809CFC8A6122}"
EndProject
Project("{8BC9CEB8-8B4A-11D0-8D11-00A0C91BC942}") = "CadSurf", "Cadsurf\CadSurf.vcxproj", "{E2CF7E24-F46D-4D21-994F-940C741C32C2}"
EndProject
Global
	GlobalSection(SolutionConfigurationPlatforms) = preSolution
		Debug|Win32 = Debug|Win32
		Debug|x64 = Debug|x64
		Release|Win32 = Release|Win32
		Release|x64 = Release|x64
	EndGlobalSection
	GlobalSection(ProjectConfigurationPlatforms) = postSolution
		{3D266BDF-114E-495B-9796-C6A9C7CFC933}.Debug|Win32.ActiveCfg = Debug|Win32
		{3D266BDF-114E-495B-9796-C6A9C7CFC933}.Debug|Win32.Build.0 = Debug|Win32
		{3D266BDF-114E-495B-9796-C6A9C7CFC933}.Debug|x64.ActiveCfg = Debug|x64
		{3D266BDF-114E-495B-9796-C6A9C7CFC933}.Debug|x64.Build.0 = Debug|x64
		{3D266BDF-114E-495B-9796-C6A9C7CFC933}.Release|Win32.ActiveCfg = Release|Win32
		{3D266BDF-114E-495B-9796-C6A9C7CFC933}.Release|Win32.Build.0 = Release|Win32
		{3D266BDF-114E-495B-9796-C6A9C7CFC933}.Release|x64.ActiveCfg = Release|x64
		{3D266BDF-114E-495B-9796-C6A9C7CFC933}.Release|x64.Build.0 = Release|x64
		{065DD002-4B8C-4B8F-A54E-809CFC8A6122}.Debug|Win32.ActiveCfg = Debug|Win32
		{065DD002-4B8C-4B8F-A54E-809CFC8A6122}.Debug|Win32.Build.0 = Debug|Win32
		{065DD002-4B8C-4B8F-A54E-809CFC8A6122}.Debug|x64.ActiveCfg = Debug|x64
		{065DD002-4B8C-4B8F-A54E-809CFC8A6122}.Debug|x64.Build.0 = Debug|x64
		{065DD002-4B8C-4B8F-A54E-809CFC8A6122}.Release|Win32.ActiveCfg = Release|Win32
		{065DD002-4B8C-4B8F-A54E-809CFC8A6122}.Release|Win32.Build.0 = Release|Win32
		{065DD002-4B8C-4B8F-A54E-809CFC8A6122}.Release|x64.ActiveCfg = Release|x64
		{065DD002-4B8C-4B8F-A54E-809CFC8A6122}.Release|x64.Build.0 = Release|x64
		{E2CF7E24-F46D-4D21-994F-940C741C32C2}.Debug|Win32.ActiveCfg = Debug|Win32
		{E2CF7E24-F46D-4D21-994F-940C741C32C2}.Debug|Win32.Build.0 = Debug|Win32
		{E2CF7E24-F46D-4D21-994F-940C741C32C2}.Debug|x64.ActiveCfg = Debug|Win32
		{E2CF7E24-F46D-4D21-994F-940C741C32C2}.Release|Win32.ActiveCfg = Release|Win32
		{E2CF7E24-F46D-4D21-994F-940C741C32C2}.Release|Win32.Build.0 = Release|Win32
		{E2CF7E24-F46D-4D21-994F-940C741C32C2}.Release|x64.ActiveCfg = Release|Win32
	EndGlobalSection
	GlobalSection(SolutionProperties) = preSolution
		HideSolutionNode = FALSE
	EndGlobalSection
	GlobalSection(ExtensibilityGlobals) = postSolution
		SolutionGuid = {81257CFC-8E39-4120-A0BB-0CB76D4A16E8}
	EndGlobalSection
EndGlobal
